
Microsoft Visual Studio Solution File, Format Version 12.00
# Visual Studio Version 16
VisualStudioVersion = 16.0.30611.23
MinimumVisualStudioVersion = 10.0.40219.1
Project("{FAE04EC0-301F-11D3-BF4B-00C04F79EFBC}") = "ZayatsISBakery", "ZayatsISBakery.csproj", "{37CDE2F5-A01A-485B-81B2-ABF77149B263}"
EndProject
Global
	GlobalSection(SolutionConfigurationPlatforms) = preSolution
		Debug|Any CPU = Debug|Any CPU
		Release|Any CPU = Release|Any CPU
	EndGlobalSection
	GlobalSection(ProjectConfigurationPlatforms) = postSolution
		{37CDE2F5-A01A-485B-81B2-ABF77149B263}.Debug|Any CPU.ActiveCfg = Debug|Any CPU
		{37CDE2F5-A01A-485B-81B2-ABF77149B263}.Debug|Any CPU.Build.0 = Debug|Any CPU
		{37CDE2F5-A01A-485B-81B2-ABF77149B263}.Release|Any CPU.ActiveCfg = Release|Any CPU
		{37CDE2F5-A01A-485B-81B2-ABF77149B263}.Release|Any CPU.Build.0 = Release|Any CPU
	EndGlobalSection
	GlobalSection(SolutionProperties) = preSolution
		HideSolutionNode = FALSE
	EndGlobalSection
	GlobalSection(ExtensibilityGlobals) = postSolution
		SolutionGuid = {F601B4DE-6721-4868-8B84-A0292740F2D2}
	EndGlobalSection
EndGlobal
