
Microsoft Visual Studio Solution File, Format Version 12.00
# Visual Studio Version 16
VisualStudioVersion = 16.0.30611.23
MinimumVisualStudioVersion = 10.0.40219.1
Project("{9A19103F-16F7-4668-BE54-9A1E7A4F7556}") = "BakeryLib", "BakeryLib.csproj", "{37CDE2F5-A01A-485B-81B2-ABF77149B263}"
EndProject
Project("{9A19103F-16F7-4668-BE54-9A1E7A4F7556}") = "ProductsLib", "..\Products\ProductsLib.csproj", "{869DF37B-2D6E-4EB3-A5B2-2CA2E6ED4C03}"
EndProject
Project("{9A19103F-16F7-4668-BE54-9A1E7A4F7556}") = "BakeryLib.Test", "..\BakeryLib.NunitTest\BakeryLib.Test.csproj", "{E8D18682-2175-4AE2-8E10-A973078EB1A2}"
EndProject
Project("{9A19103F-16F7-4668-BE54-9A1E7A4F7556}") = "ProductsLib.Test", "..\ProductsLib.NUmitTest\ProductsLib.Test.csproj", "{53483414-8D4A-4223-9524-02E22BCC6838}"
EndProject
Project("{9A19103F-16F7-4668-BE54-9A1E7A4F7556}") = "Task1ItemNumber10_14", "..\Task1ItemNumber10_14\Task1ItemNumber10_14.csproj", "{1E48447C-D527-4D76-9722-1F524696075F}"
EndProject
Global
	GlobalSection(SolutionConfigurationPlatforms) = preSolution
		Debug|Any CPU = Debug|Any CPU
		Release|Any CPU = Release|Any CPU
	EndGlobalSection
	GlobalSection(ProjectConfigurationPlatforms) = postSolution
		{37CDE2F5-A01A-485B-81B2-ABF77149B263}.Debug|Any CPU.ActiveCfg = Debug|Any CPU
		{37CDE2F5-A01A-485B-81B2-ABF77149B263}.Debug|Any CPU.Build.0 = Debug|Any CPU
		{37CDE2F5-A01A-485B-81B2-ABF77149B263}.Release|Any CPU.ActiveCfg = Release|Any CPU
		{37CDE2F5-A01A-485B-81B2-ABF77149B263}.Release|Any CPU.Build.0 = Release|Any CPU
		{869DF37B-2D6E-4EB3-A5B2-2CA2E6ED4C03}.Debug|Any CPU.ActiveCfg = Debug|Any CPU
		{869DF37B-2D6E-4EB3-A5B2-2CA2E6ED4C03}.Debug|Any CPU.Build.0 = Debug|Any CPU
		{869DF37B-2D6E-4EB3-A5B2-2CA2E6ED4C03}.Release|Any CPU.ActiveCfg = Release|Any CPU
		{869DF37B-2D6E-4EB3-A5B2-2CA2E6ED4C03}.Release|Any CPU.Build.0 = Release|Any CPU
		{E8D18682-2175-4AE2-8E10-A973078EB1A2}.Debug|Any CPU.ActiveCfg = Debug|Any CPU
		{E8D18682-2175-4AE2-8E10-A973078EB1A2}.Debug|Any CPU.Build.0 = Debug|Any CPU
		{E8D18682-2175-4AE2-8E10-A973078EB1A2}.Release|Any CPU.ActiveCfg = Release|Any CPU
		{E8D18682-2175-4AE2-8E10-A973078EB1A2}.Release|Any CPU.Build.0 = Release|Any CPU
		{53483414-8D4A-4223-9524-02E22BCC6838}.Debug|Any CPU.ActiveCfg = Debug|Any CPU
		{53483414-8D4A-4223-9524-02E22BCC6838}.Debug|Any CPU.Build.0 = Debug|Any CPU
		{53483414-8D4A-4223-9524-02E22BCC6838}.Release|Any CPU.ActiveCfg = Release|Any CPU
		{53483414-8D4A-4223-9524-02E22BCC6838}.Release|Any CPU.Build.0 = Release|Any CPU
		{1E48447C-D527-4D76-9722-1F524696075F}.Debug|Any CPU.ActiveCfg = Debug|Any CPU
		{1E48447C-D527-4D76-9722-1F524696075F}.Debug|Any CPU.Build.0 = Debug|Any CPU
		{1E48447C-D527-4D76-9722-1F524696075F}.Release|Any CPU.ActiveCfg = Release|Any CPU
		{1E48447C-D527-4D76-9722-1F524696075F}.Release|Any CPU.Build.0 = Release|Any CPU
	EndGlobalSection
	GlobalSection(SolutionProperties) = preSolution
		HideSolutionNode = FALSE
	EndGlobalSection
	GlobalSection(ExtensibilityGlobals) = postSolution
		SolutionGuid = {F601B4DE-6721-4868-8B84-A0292740F2D2}
	EndGlobalSection
EndGlobal
